
Microsoft Visual Studio Solution File, Format Version 12.00
# Visual Studio 15
VisualStudioVersion = 15.0.28307.136
MinimumVisualStudioVersion = 10.0.40219.1
Project("{FAE04EC0-301F-11D3-BF4B-00C04F79EFBC}") = "Vids4Kids.Android", "Vids4Kids\Vids4Kids.Android\Vids4Kids.Android.csproj", "{B3B3F869-D093-4667-BF6A-92BD97B71700}"
EndProject
Project("{FAE04EC0-301F-11D3-BF4B-00C04F79EFBC}") = "Vids4Kids", "Vids4Kids\Vids4Kids\Vids4Kids.csproj", "{1EC984A8-4B35-490D-8C3D-E63F25880899}"
EndProject
Global
	GlobalSection(SolutionConfigurationPlatforms) = preSolution
		Debug|Any CPU = Debug|Any CPU
		Release|Any CPU = Release|Any CPU
	EndGlobalSection
	GlobalSection(ProjectConfigurationPlatforms) = postSolution
		{B3B3F869-D093-4667-BF6A-92BD97B71700}.Debug|Any CPU.ActiveCfg = Debug|Any CPU
		{B3B3F869-D093-4667-BF6A-92BD97B71700}.Debug|Any CPU.Build.0 = Debug|Any CPU
		{B3B3F869-D093-4667-BF6A-92BD97B71700}.Debug|Any CPU.Deploy.0 = Debug|Any CPU
		{B3B3F869-D093-4667-BF6A-92BD97B71700}.Release|Any CPU.ActiveCfg = Release|Any CPU
		{B3B3F869-D093-4667-BF6A-92BD97B71700}.Release|Any CPU.Build.0 = Release|Any CPU
		{B3B3F869-D093-4667-BF6A-92BD97B71700}.Release|Any CPU.Deploy.0 = Release|Any CPU
		{1EC984A8-4B35-490D-8C3D-E63F25880899}.Debug|Any CPU.ActiveCfg = Debug|Any CPU
		{1EC984A8-4B35-490D-8C3D-E63F25880899}.Debug|Any CPU.Build.0 = Debug|Any CPU
		{1EC984A8-4B35-490D-8C3D-E63F25880899}.Debug|Any CPU.Deploy.0 = Debug|Any CPU
		{1EC984A8-4B35-490D-8C3D-E63F25880899}.Release|Any CPU.ActiveCfg = Release|Any CPU
		{1EC984A8-4B35-490D-8C3D-E63F25880899}.Release|Any CPU.Build.0 = Release|Any CPU
		{1EC984A8-4B35-490D-8C3D-E63F25880899}.Release|Any CPU.Deploy.0 = Release|Any CPU
	EndGlobalSection
	GlobalSection(SolutionProperties) = preSolution
		HideSolutionNode = FALSE
	EndGlobalSection
	GlobalSection(ExtensibilityGlobals) = postSolution
		SolutionGuid = {C734AD3F-0086-4FEA-A5E7-5ED6C37F2400}
	EndGlobalSection
EndGlobal
